
Microsoft Visual Studio Solution File, Format Version 12.00
# Visual Studio Version 17
VisualStudioVersion = 17.0.31512.422
MinimumVisualStudioVersion = 10.0.40219.1
Project("{9A19103F-16F7-4668-BE54-9A1E7A4F7556}") = "IoC", "IoC\IoC.csproj", "{74F5A28A-02F3-43F3-9A41-968E582F63FA}"
EndProject
Project("{9A19103F-16F7-4668-BE54-9A1E7A4F7556}") = "IoC.Test", "IoC.Test\IoC.Test.csproj", "{68212F6F-CB51-4691-A075-6E880D14EEAB}"
EndProject
Global
	GlobalSection(SolutionConfigurationPlatforms) = preSolution
		Debug|Any CPU = Debug|Any CPU
		Release|Any CPU = Release|Any CPU
	EndGlobalSection
	GlobalSection(ProjectConfigurationPlatforms) = postSolution
		{74F5A28A-02F3-43F3-9A41-968E582F63FA}.Debug|Any CPU.ActiveCfg = Debug|Any CPU
		{74F5A28A-02F3-43F3-9A41-968E582F63FA}.Debug|Any CPU.Build.0 = Debug|Any CPU
		{74F5A28A-02F3-43F3-9A41-968E582F63FA}.Release|Any CPU.ActiveCfg = Release|Any CPU
		{74F5A28A-02F3-43F3-9A41-968E582F63FA}.Release|Any CPU.Build.0 = Release|Any CPU
		{68212F6F-CB51-4691-A075-6E880D14EEAB}.Debug|Any CPU.ActiveCfg = Debug|Any CPU
		{68212F6F-CB51-4691-A075-6E880D14EEAB}.Debug|Any CPU.Build.0 = Debug|Any CPU
		{68212F6F-CB51-4691-A075-6E880D14EEAB}.Release|Any CPU.ActiveCfg = Release|Any CPU
		{68212F6F-CB51-4691-A075-6E880D14EEAB}.Release|Any CPU.Build.0 = Release|Any CPU
	EndGlobalSection
	GlobalSection(SolutionProperties) = preSolution
		HideSolutionNode = FALSE
	EndGlobalSection
	GlobalSection(ExtensibilityGlobals) = postSolution
		SolutionGuid = {00D2924A-9CBF-4F09-844F-9517B6215093}
	EndGlobalSection
EndGlobal
